
Microsoft Visual Studio Solution File, Format Version 12.00
# Visual Studio Version 16
VisualStudioVersion = 16.0.31402.337
MinimumVisualStudioVersion = 10.0.40219.1
Project("{9A19103F-16F7-4668-BE54-9A1E7A4F7556}") = "Application", "clean Architecture (Soudiane)\src\Application\Application.csproj", "{F322A427-D77C-46C6-89EB-3B8FEB80947B}"
EndProject
Project("{9A19103F-16F7-4668-BE54-9A1E7A4F7556}") = "Domain", "clean Architecture (Soudiane)\src\Domain\Domain.csproj", "{80FBC897-D9DA-4F81-AF41-F60E8704730A}"
EndProject
Project("{9A19103F-16F7-4668-BE54-9A1E7A4F7556}") = "Infrastructure", "clean Architecture (Soudiane)\src\Infrastructure\Infrastructure.csproj", "{C0370168-8A92-41B8-9BEE-D02CBCC0B088}"
EndProject
Project("{9A19103F-16F7-4668-BE54-9A1E7A4F7556}") = "Application.IntegrationTests", "clean Architecture (Soudiane)\tests\Application.IntegrationTests\Application.IntegrationTests.csproj", "{1D279C9D-A6AC-4B94-9A58-39B23A2E2B98}"
EndProject
Project("{9A19103F-16F7-4668-BE54-9A1E7A4F7556}") = "Application.UnitTests", "clean Architecture (Soudiane)\tests\Application.UnitTests\Application.UnitTests.csproj", "{3ABA447D-C1BD-4C3F-9C73-D9BF69DDB35D}"
EndProject
Project("{9A19103F-16F7-4668-BE54-9A1E7A4F7556}") = "Domain.UnitTests", "clean Architecture (Soudiane)\tests\Domain.UnitTests\Domain.UnitTests.csproj", "{64901304-7AC4-4720-B67B-E601019AE933}"
EndProject
Project("{2150E333-8FDC-42A3-9474-1A3956D46DE8}") = "BuildingBlocks", "BuildingBlocks", "{F6C9B164-2026-412E-A873-3B69877AA25F}"
EndProject
Project("{2150E333-8FDC-42A3-9474-1A3956D46DE8}") = "EventBus", "EventBus", "{2056ABE2-30EF-49DB-98B1-9981634CC476}"
EndProject
Project("{2150E333-8FDC-42A3-9474-1A3956D46DE8}") = "EventBus.Tests", "EventBus.Tests", "{096A232C-5672-4843-8669-874ADFC6240A}"
EndProject
Project("{2150E333-8FDC-42A3-9474-1A3956D46DE8}") = "EventBusRabbitMQ", "EventBusRabbitMQ", "{C2602191-5B36-470C-AA15-EAE9E1EC74C0}"
EndProject
Project("{2150E333-8FDC-42A3-9474-1A3956D46DE8}") = "IntegrationEventLogEF", "IntegrationEventLogEF", "{3B314AC6-6B7A-4642-8D13-BA3A70A9D56B}"
EndProject
Project("{9A19103F-16F7-4668-BE54-9A1E7A4F7556}") = "EventBus", "clean Architecture (Soudiane)\src\BuildingBlocks\EventBus\EventBus\EventBus.csproj", "{8E6E536F-DEDC-4A3E-AF41-20C9B32DA1C8}"
EndProject
Project("{9A19103F-16F7-4668-BE54-9A1E7A4F7556}") = "EventBus.Tests", "clean Architecture (Soudiane)\src\BuildingBlocks\EventBus\EventBus.Tests\EventBus.Tests.csproj", "{C211C5DE-4DB7-47EF-A6E0-5C6CFD6385D1}"
EndProject
Project("{9A19103F-16F7-4668-BE54-9A1E7A4F7556}") = "EventBusRabbitMQ", "clean Architecture (Soudiane)\src\BuildingBlocks\EventBus\EventBusRabbitMQ\EventBusRabbitMQ.csproj", "{BE819F6C-4827-416C-996B-FDC1D0F0BE6E}"
EndProject
Project("{9A19103F-16F7-4668-BE54-9A1E7A4F7556}") = "IntegrationEventLogEF", "clean Architecture (Soudiane)\src\BuildingBlocks\EventBus\IntegrationEventLogEF\IntegrationEventLogEF.csproj", "{E56FE244-2BC7-4048-9150-C213185B3004}"
EndProject
Project("{2150E333-8FDC-42A3-9474-1A3956D46DE8}") = "Testes", "Testes", "{90CA24F4-CDCB-4136-B398-A2D8711577E2}"
EndProject
Project("{2150E333-8FDC-42A3-9474-1A3956D46DE8}") = "Services", "Services", "{CEAFF723-C216-41EB-A7FB-C8BE7F36D241}"
EndProject
Project("{2150E333-8FDC-42A3-9474-1A3956D46DE8}") = "OrderLocalService", "OrderLocalService", "{270D3332-DB35-4159-B52C-A9F3CD53F57C}"
EndProject
Project("{9A19103F-16F7-4668-BE54-9A1E7A4F7556}") = "UI_SPA", "UI_SPA\UI_SPA.csproj", "{FCFB1202-7957-4DC4-B342-A56934E7231C}"
EndProject
Global
	GlobalSection(SolutionConfigurationPlatforms) = preSolution
		Debug|Any CPU = Debug|Any CPU
		Release|Any CPU = Release|Any CPU
	EndGlobalSection
	GlobalSection(ProjectConfigurationPlatforms) = postSolution
		{F322A427-D77C-46C6-89EB-3B8FEB80947B}.Debug|Any CPU.ActiveCfg = Debug|Any CPU
		{F322A427-D77C-46C6-89EB-3B8FEB80947B}.Debug|Any CPU.Build.0 = Debug|Any CPU
		{F322A427-D77C-46C6-89EB-3B8FEB80947B}.Release|Any CPU.ActiveCfg = Release|Any CPU
		{F322A427-D77C-46C6-89EB-3B8FEB80947B}.Release|Any CPU.Build.0 = Release|Any CPU
		{80FBC897-D9DA-4F81-AF41-F60E8704730A}.Debug|Any CPU.ActiveCfg = Debug|Any CPU
		{80FBC897-D9DA-4F81-AF41-F60E8704730A}.Debug|Any CPU.Build.0 = Debug|Any CPU
		{80FBC897-D9DA-4F81-AF41-F60E8704730A}.Release|Any CPU.ActiveCfg = Release|Any CPU
		{80FBC897-D9DA-4F81-AF41-F60E8704730A}.Release|Any CPU.Build.0 = Release|Any CPU
		{C0370168-8A92-41B8-9BEE-D02CBCC0B088}.Debug|Any CPU.ActiveCfg = Debug|Any CPU
		{C0370168-8A92-41B8-9BEE-D02CBCC0B088}.Debug|Any CPU.Build.0 = Debug|Any CPU
		{C0370168-8A92-41B8-9BEE-D02CBCC0B088}.Release|Any CPU.ActiveCfg = Release|Any CPU
		{C0370168-8A92-41B8-9BEE-D02CBCC0B088}.Release|Any CPU.Build.0 = Release|Any CPU
		{1D279C9D-A6AC-4B94-9A58-39B23A2E2B98}.Debug|Any CPU.ActiveCfg = Debug|Any CPU
		{1D279C9D-A6AC-4B94-9A58-39B23A2E2B98}.Debug|Any CPU.Build.0 = Debug|Any CPU
		{1D279C9D-A6AC-4B94-9A58-39B23A2E2B98}.Release|Any CPU.ActiveCfg = Release|Any CPU
		{1D279C9D-A6AC-4B94-9A58-39B23A2E2B98}.Release|Any CPU.Build.0 = Release|Any CPU
		{3ABA447D-C1BD-4C3F-9C73-D9BF69DDB35D}.Debug|Any CPU.ActiveCfg = Debug|Any CPU
		{3ABA447D-C1BD-4C3F-9C73-D9BF69DDB35D}.Debug|Any CPU.Build.0 = Debug|Any CPU
		{3ABA447D-C1BD-4C3F-9C73-D9BF69DDB35D}.Release|Any CPU.ActiveCfg = Release|Any CPU
		{3ABA447D-C1BD-4C3F-9C73-D9BF69DDB35D}.Release|Any CPU.Build.0 = Release|Any CPU
		{64901304-7AC4-4720-B67B-E601019AE933}.Debug|Any CPU.ActiveCfg = Debug|Any CPU
		{64901304-7AC4-4720-B67B-E601019AE933}.Debug|Any CPU.Build.0 = Debug|Any CPU
		{64901304-7AC4-4720-B67B-E601019AE933}.Release|Any CPU.ActiveCfg = Release|Any CPU
		{64901304-7AC4-4720-B67B-E601019AE933}.Release|Any CPU.Build.0 = Release|Any CPU
		{8E6E536F-DEDC-4A3E-AF41-20C9B32DA1C8}.Debug|Any CPU.ActiveCfg = Debug|Any CPU
		{8E6E536F-DEDC-4A3E-AF41-20C9B32DA1C8}.Debug|Any CPU.Build.0 = Debug|Any CPU
		{8E6E536F-DEDC-4A3E-AF41-20C9B32DA1C8}.Release|Any CPU.ActiveCfg = Release|Any CPU
		{8E6E536F-DEDC-4A3E-AF41-20C9B32DA1C8}.Release|Any CPU.Build.0 = Release|Any CPU
		{C211C5DE-4DB7-47EF-A6E0-5C6CFD6385D1}.Debug|Any CPU.ActiveCfg = Debug|Any CPU
		{C211C5DE-4DB7-47EF-A6E0-5C6CFD6385D1}.Debug|Any CPU.Build.0 = Debug|Any CPU
		{C211C5DE-4DB7-47EF-A6E0-5C6CFD6385D1}.Release|Any CPU.ActiveCfg = Release|Any CPU
		{C211C5DE-4DB7-47EF-A6E0-5C6CFD6385D1}.Release|Any CPU.Build.0 = Release|Any CPU
		{BE819F6C-4827-416C-996B-FDC1D0F0BE6E}.Debug|Any CPU.ActiveCfg = Debug|Any CPU
		{BE819F6C-4827-416C-996B-FDC1D0F0BE6E}.Debug|Any CPU.Build.0 = Debug|Any CPU
		{BE819F6C-4827-416C-996B-FDC1D0F0BE6E}.Release|Any CPU.ActiveCfg = Release|Any CPU
		{BE819F6C-4827-416C-996B-FDC1D0F0BE6E}.Release|Any CPU.Build.0 = Release|Any CPU
		{E56FE244-2BC7-4048-9150-C213185B3004}.Debug|Any CPU.ActiveCfg = Debug|Any CPU
		{E56FE244-2BC7-4048-9150-C213185B3004}.Debug|Any CPU.Build.0 = Debug|Any CPU
		{E56FE244-2BC7-4048-9150-C213185B3004}.Release|Any CPU.ActiveCfg = Release|Any CPU
		{E56FE244-2BC7-4048-9150-C213185B3004}.Release|Any CPU.Build.0 = Release|Any CPU
		{FCFB1202-7957-4DC4-B342-A56934E7231C}.Debug|Any CPU.ActiveCfg = Debug|Any CPU
		{FCFB1202-7957-4DC4-B342-A56934E7231C}.Debug|Any CPU.Build.0 = Debug|Any CPU
		{FCFB1202-7957-4DC4-B342-A56934E7231C}.Release|Any CPU.ActiveCfg = Release|Any CPU
		{FCFB1202-7957-4DC4-B342-A56934E7231C}.Release|Any CPU.Build.0 = Release|Any CPU
	EndGlobalSection
	GlobalSection(SolutionProperties) = preSolution
		HideSolutionNode = FALSE
	EndGlobalSection
	GlobalSection(NestedProjects) = preSolution
		{F322A427-D77C-46C6-89EB-3B8FEB80947B} = {270D3332-DB35-4159-B52C-A9F3CD53F57C}
		{80FBC897-D9DA-4F81-AF41-F60E8704730A} = {270D3332-DB35-4159-B52C-A9F3CD53F57C}
		{C0370168-8A92-41B8-9BEE-D02CBCC0B088} = {270D3332-DB35-4159-B52C-A9F3CD53F57C}
		{1D279C9D-A6AC-4B94-9A58-39B23A2E2B98} = {90CA24F4-CDCB-4136-B398-A2D8711577E2}
		{3ABA447D-C1BD-4C3F-9C73-D9BF69DDB35D} = {90CA24F4-CDCB-4136-B398-A2D8711577E2}
		{64901304-7AC4-4720-B67B-E601019AE933} = {90CA24F4-CDCB-4136-B398-A2D8711577E2}
		{2056ABE2-30EF-49DB-98B1-9981634CC476} = {F6C9B164-2026-412E-A873-3B69877AA25F}
		{096A232C-5672-4843-8669-874ADFC6240A} = {90CA24F4-CDCB-4136-B398-A2D8711577E2}
		{C2602191-5B36-470C-AA15-EAE9E1EC74C0} = {F6C9B164-2026-412E-A873-3B69877AA25F}
		{3B314AC6-6B7A-4642-8D13-BA3A70A9D56B} = {F6C9B164-2026-412E-A873-3B69877AA25F}
		{8E6E536F-DEDC-4A3E-AF41-20C9B32DA1C8} = {2056ABE2-30EF-49DB-98B1-9981634CC476}
		{C211C5DE-4DB7-47EF-A6E0-5C6CFD6385D1} = {096A232C-5672-4843-8669-874ADFC6240A}
		{BE819F6C-4827-416C-996B-FDC1D0F0BE6E} = {C2602191-5B36-470C-AA15-EAE9E1EC74C0}
		{E56FE244-2BC7-4048-9150-C213185B3004} = {3B314AC6-6B7A-4642-8D13-BA3A70A9D56B}
		{270D3332-DB35-4159-B52C-A9F3CD53F57C} = {CEAFF723-C216-41EB-A7FB-C8BE7F36D241}
		{FCFB1202-7957-4DC4-B342-A56934E7231C} = {270D3332-DB35-4159-B52C-A9F3CD53F57C}
	EndGlobalSection
	GlobalSection(ExtensibilityGlobals) = postSolution
		SolutionGuid = {5E03E2CF-936C-4CC6-B1E1-77E724BEF5D9}
	EndGlobalSection
EndGlobal
